<Solution>
  <Folder Name="/ConceitosBasicos/">
    <Project Path="ConceitosBásicos/ConceitosBasicos.csproj" />
  </Folder>
  <Folder Name="/POO/">
    <Project Path="POO/POO.csproj" Id="2dbfb237-ae99-4633-8a35-17f731f06552" />
  </Folder>
  <Folder Name="/POO/dominio/">
    <File Path="Class1.cs" />
    <File Path="Class2.cs" />
    <File Path="Class3.cs" />
  </Folder>
  <Folder Name="/Revisao/">
    <Project Path="Revisão/Revisão.csproj" />
  </Folder>
  <Folder Name="/RevisaoComSwitch/">
    <Project Path="RevisaoComSwitch/RevisãoComSwitch.csproj" />
  </Folder>
  <Folder Name="/SuperTrunfo/">
    <Project Path="Super Trunfo/Super Trunfo.csproj" Id="e31764c0-5d80-44b8-9d54-095090040f5a" />
  </Folder>
</Solution>
